
Microsoft Visual Studio Solution File, Format Version 12.00
# Visual Studio Version 17
VisualStudioVersion = 17.1.32228.430
MinimumVisualStudioVersion = 10.0.40219.1
Project("{FAE04EC0-301F-11D3-BF4B-00C04F79EFBC}") = "Lab4", "Lab4\Lab4.csproj", "{23035794-4C06-4232-AF17-02617CF0D7C7}"
EndProject
Project("{FAE04EC0-301F-11D3-BF4B-00C04F79EFBC}") = "Geometria", "Geometria\Geometria.csproj", "{8F59A610-9419-49F7-8244-B32A6E645EEA}"
EndProject
Global
	GlobalSection(SolutionConfigurationPlatforms) = preSolution
		Debug|Any CPU = Debug|Any CPU
		Release|Any CPU = Release|Any CPU
	EndGlobalSection
	GlobalSection(ProjectConfigurationPlatforms) = postSolution
		{23035794-4C06-4232-AF17-02617CF0D7C7}.Debug|Any CPU.ActiveCfg = Debug|Any CPU
		{23035794-4C06-4232-AF17-02617CF0D7C7}.Debug|Any CPU.Build.0 = Debug|Any CPU
		{23035794-4C06-4232-AF17-02617CF0D7C7}.Release|Any CPU.ActiveCfg = Release|Any CPU
		{23035794-4C06-4232-AF17-02617CF0D7C7}.Release|Any CPU.Build.0 = Release|Any CPU
		{8F59A610-9419-49F7-8244-B32A6E645EEA}.Debug|Any CPU.ActiveCfg = Debug|Any CPU
		{8F59A610-9419-49F7-8244-B32A6E645EEA}.Debug|Any CPU.Build.0 = Debug|Any CPU
		{8F59A610-9419-49F7-8244-B32A6E645EEA}.Release|Any CPU.ActiveCfg = Release|Any CPU
		{8F59A610-9419-49F7-8244-B32A6E645EEA}.Release|Any CPU.Build.0 = Release|Any CPU
	EndGlobalSection
	GlobalSection(SolutionProperties) = preSolution
		HideSolutionNode = FALSE
	EndGlobalSection
	GlobalSection(ExtensibilityGlobals) = postSolution
		SolutionGuid = {871830A1-B3C2-40CA-9ED4-45D17919B5F0}
	EndGlobalSection
EndGlobal
